
Microsoft Visual Studio Solution File, Format Version 12.00
# Visual Studio 2013
Project("{FAE04EC0-301F-11D3-BF4B-00C04F79EFBC}") = "UKIE Game Jam Group 3.CSharp", "UKIE Game Jam Group 3.CSharp.csproj", "{5EEAB024-D8D3-BA6B-14D5-B1B89725AA9D}"
EndProject
Global
	GlobalSection(SolutionConfigurationPlatforms) = preSolution
		Debug|Any CPU = Debug|Any CPU
		Release|Any CPU = Release|Any CPU
	EndGlobalSection
	GlobalSection(ProjectConfigurationPlatforms) = postSolution
		{5EEAB024-D8D3-BA6B-14D5-B1B89725AA9D}.Debug|Any CPU.ActiveCfg = Debug|Any CPU
		{5EEAB024-D8D3-BA6B-14D5-B1B89725AA9D}.Debug|Any CPU.Build.0 = Debug|Any CPU
		{5EEAB024-D8D3-BA6B-14D5-B1B89725AA9D}.Release|Any CPU.ActiveCfg = Release|Any CPU
		{5EEAB024-D8D3-BA6B-14D5-B1B89725AA9D}.Release|Any CPU.Build.0 = Release|Any CPU
	EndGlobalSection
	GlobalSection(SolutionProperties) = preSolution
		HideSolutionNode = FALSE
	EndGlobalSection
EndGlobal
